// !$*UTF8*$!
{
	archiveVersion = 1;
	classes = {
	};
	objectVersion = 48;
	objects = {

/* Begin PBXBuildFile section */
		A9D13F4A202CC59600539623 /* AppDelegate.swift in Sources */ = {isa = PBXBuildFile; fileRef = A9D13F49202CC59600539623 /* AppDelegate.swift */; };
		A9D13F4C202CC59600539623 /* ViewController.swift in Sources */ = {isa = PBXBuildFile; fileRef = A9D13F4B202CC59600539623 /* ViewController.swift */; };
		A9D13F4F202CC59600539623 /* Main.storyboard in Resources */ = {isa = PBXBuildFile; fileRef = A9D13F4D202CC59600539623 /* Main.storyboard */; };
		A9D13F51202CC59600539623 /* Assets.xcassets in Resources */ = {isa = PBXBuildFile; fileRef = A9D13F50202CC59600539623 /* Assets.xcassets */; };
		A9D13F54202CC59600539623 /* LaunchScreen.storyboard in Resources */ = {isa = PBXBuildFile; fileRef = A9D13F52202CC59600539623 /* LaunchScreen.storyboard */; };
		A9D13F5F202CC59600539623 /* CC_RunnerUITests.swift in Sources */ = {isa = PBXBuildFile; fileRef = A9D13F5E202CC59600539623 /* CC_RunnerUITests.swift */; };
/* End PBXBuildFile section */

/* Begin PBXContainerItemProxy section */
		A9D13F5B202CC59600539623 /* PBXContainerItemProxy */ = {
			isa = PBXContainerItemProxy;
			containerPortal = A9D13F3E202CC59600539623 /* Project object */;
			proxyType = 1;
			remoteGlobalIDString = A9D13F45202CC59600539623;
			remoteInfo = "CC Runner";
		};
/* End PBXContainerItemProxy section */

/* Begin PBXFileReference section */
		A9D13F46202CC59600539623 /* CC Runner.app */ = {isa = PBXFileReference; explicitFileType = wrapper.application; includeInIndex = 0; path = "CC Runner.app"; sourceTree = BUILT_PRODUCTS_DIR; };
		A9D13F49202CC59600539623 /* AppDelegate.swift */ = {isa = PBXFileReference; lastKnownFileType = sourcecode.swift; path = AppDelegate.swift; sourceTree = "<group>"; };
		A9D13F4B202CC59600539623 /* ViewController.swift */ = {isa = PBXFileReference; lastKnownFileType = sourcecode.swift; path = ViewController.swift; sourceTree = "<group>"; };
		A9D13F4E202CC59600539623 /* Base */ = {isa = PBXFileReference; lastKnownFileType = file.storyboard; name = Base; path = Base.lproj/Main.storyboard; sourceTree = "<group>"; };
		A9D13F50202CC59600539623 /* Assets.xcassets */ = {isa = PBXFileReference; lastKnownFileType = folder.assetcatalog; path = Assets.xcassets; sourceTree = "<group>"; };
		A9D13F53202CC59600539623 /* Base */ = {isa = PBXFileReference; lastKnownFileType = file.storyboard; name = Base; path = Base.lproj/LaunchScreen.storyboard; sourceTree = "<group>"; };
		A9D13F55202CC59600539623 /* Info.plist */ = {isa = PBXFileReference; lastKnownFileType = text.plist.xml; path = Info.plist; sourceTree = "<group>"; };
		A9D13F5A202CC59600539623 /* CC RunnerUITests.xctest */ = {isa = PBXFileReference; explicitFileType = wrapper.cfbundle; includeInIndex = 0; path = "CC RunnerUITests.xctest"; sourceTree = BUILT_PRODUCTS_DIR; };
		A9D13F5E202CC59600539623 /* CC_RunnerUITests.swift */ = {isa = PBXFileReference; lastKnownFileType = sourcecode.swift; path = CC_RunnerUITests.swift; sourceTree = "<group>"; };
		A9D13F60202CC59600539623 /* Info.plist */ = {isa = PBXFileReference; lastKnownFileType = text.plist.xml; path = Info.plist; sourceTree = "<group>"; };
/* End PBXFileReference section */

/* Begin PBXFrameworksBuildPhase section */
		A9D13F43202CC59600539623 /* Frameworks */ = {
			isa = PBXFrameworksBuildPhase;
			buildActionMask = 2147483647;
			files = (
			);
			runOnlyForDeploymentPostprocessing = 0;
		};
		A9D13F57202CC59600539623 /* Frameworks */ = {
			isa = PBXFrameworksBuildPhase;
			buildActionMask = 2147483647;
			files = (
			);
			runOnlyForDeploymentPostprocessing = 0;
		};
/* End PBXFrameworksBuildPhase section */

/* Begin PBXGroup section */
		A9D13F3D202CC59600539623 = {
			isa = PBXGroup;
			children = (
				A9D13F48202CC59600539623 /* CC Runner */,
				A9D13F5D202CC59600539623 /* CC RunnerUITests */,
				A9D13F47202CC59600539623 /* Products */,
			);
			sourceTree = "<group>";
		};
		A9D13F47202CC59600539623 /* Products */ = {
			isa = PBXGroup;
			children = (
				A9D13F46202CC59600539623 /* CC Runner.app */,
				A9D13F5A202CC59600539623 /* CC RunnerUITests.xctest */,
			);
			name = Products;
			sourceTree = "<group>";
		};
		A9D13F48202CC59600539623 /* CC Runner */ = {
			isa = PBXGroup;
			children = (
				A9D13F49202CC59600539623 /* AppDelegate.swift */,
				A9D13F4B202CC59600539623 /* ViewController.swift */,
				A9D13F4D202CC59600539623 /* Main.storyboard */,
				A9D13F50202CC59600539623 /* Assets.xcassets */,
				A9D13F52202CC59600539623 /* LaunchScreen.storyboard */,
				A9D13F55202CC59600539623 /* Info.plist */,
			);
			path = "CC Runner";
			sourceTree = "<group>";
		};
		A9D13F5D202CC59600539623 /* CC RunnerUITests */ = {
			isa = PBXGroup;
			children = (
				A9D13F5E202CC59600539623 /* CC_RunnerUITests.swift */,
				A9D13F60202CC59600539623 /* Info.plist */,
			);
			path = "CC RunnerUITests";
			sourceTree = "<group>";
		};
/* End PBXGroup section */

/* Begin PBXNativeTarget section */
		A9D13F45202CC59600539623 /* CC Runner */ = {
			isa = PBXNativeTarget;
			buildConfigurationList = A9D13F63202CC59600539623 /* Build configuration list for PBXNativeTarget "CC Runner" */;
			buildPhases = (
				A9D13F42202CC59600539623 /* Sources */,
				A9D13F43202CC59600539623 /* Frameworks */,
				A9D13F44202CC59600539623 /* Resources */,
			);
			buildRules = (
			);
			dependencies = (
			);
			name = "CC Runner";
			productName = "CC Runner";
			productReference = A9D13F46202CC59600539623 /* CC Runner.app */;
			productType = "com.apple.product-type.application";
		};
		A9D13F59202CC59600539623 /* CC RunnerUITests */ = {
			isa = PBXNativeTarget;
			buildConfigurationList = A9D13F66202CC59600539623 /* Build configuration list for PBXNativeTarget "CC RunnerUITests" */;
			buildPhases = (
				A9D13F56202CC59600539623 /* Sources */,
				A9D13F57202CC59600539623 /* Frameworks */,
				A9D13F58202CC59600539623 /* Resources */,
			);
			buildRules = (
			);
			dependencies = (
				A9D13F5C202CC59600539623 /* PBXTargetDependency */,
			);
			name = "CC RunnerUITests";
			productName = "CC RunnerUITests";
			productReference = A9D13F5A202CC59600539623 /* CC RunnerUITests.xctest */;
			productType = "com.apple.product-type.bundle.ui-testing";
		};
/* End PBXNativeTarget section */

/* Begin PBXProject section */
		A9D13F3E202CC59600539623 /* Project object */ = {
			isa = PBXProject;
			attributes = {
				LastSwiftUpdateCheck = 0910;
				LastUpgradeCheck = 0910;
				ORGANIZATIONNAME = dminn;
				TargetAttributes = {
					A9D13F45202CC59600539623 = {
						CreatedOnToolsVersion = 9.1;
						ProvisioningStyle = Automatic;
					};
					A9D13F59202CC59600539623 = {
						CreatedOnToolsVersion = 9.1;
						ProvisioningStyle = Automatic;
						TestTargetID = A9D13F45202CC59600539623;
					};
				};
			};
			buildConfigurationList = A9D13F41202CC59600539623 /* Build configuration list for PBXProject "CC Runner" */;
			compatibilityVersion = "Xcode 8.0";
			developmentRegion = en;
			hasScannedForEncodings = 0;
			knownRegions = (
				en,
				Base,
			);
			mainGroup = A9D13F3D202CC59600539623;
			productRefGroup = A9D13F47202CC59600539623 /* Products */;
			projectDirPath = "";
			projectRoot = "";
			targets = (
				A9D13F45202CC59600539623 /* CC Runner */,
				A9D13F59202CC59600539623 /* CC RunnerUITests */,
			);
		};
/* End PBXProject section */

/* Begin PBXResourcesBuildPhase section */
		A9D13F44202CC59600539623 /* Resources */ = {
			isa = PBXResourcesBuildPhase;
			buildActionMask = 2147483647;
			files = (
				A9D13F54202CC59600539623 /* LaunchScreen.storyboard in Resources */,
				A9D13F51202CC59600539623 /* Assets.xcassets in Resources */,
				A9D13F4F202CC59600539623 /* Main.storyboard in Resources */,
			);
			runOnlyForDeploymentPostprocessing = 0;
		};
		A9D13F58202CC59600539623 /* Resources */ = {
			isa = PBXResourcesBuildPhase;
			buildActionMask = 2147483647;
			files = (
			);
			runOnlyForDeploymentPostprocessing = 0;
		};
/* End PBXResourcesBuildPhase section */

/* Begin PBXSourcesBuildPhase section */
		A9D13F42202CC59600539623 /* Sources */ = {
			isa = PBXSourcesBuildPhase;
			buildActionMask = 2147483647;
			files = (
				A9D13F4C202CC59600539623 /* ViewController.swift in Sources */,
				A9D13F4A202CC59600539623 /* AppDelegate.swift in Sources */,
			);
			runOnlyForDeploymentPostprocessing = 0;
		};
		A9D13F56202CC59600539623 /* Sources */ = {
			isa = PBXSourcesBuildPhase;
			buildActionMask = 2147483647;
			files = (
				A9D13F5F202CC59600539623 /* CC_RunnerUITests.swift in Sources */,
			);
			runOnlyForDeploymentPostprocessing = 0;
		};
/* End PBXSourcesBuildPhase section */

/* Begin PBXTargetDependency section */
		A9D13F5C202CC59600539623 /* PBXTargetDependency */ = {
			isa = PBXTargetDependency;
			target = A9D13F45202CC59600539623 /* CC Runner */;
			targetProxy = A9D13F5B202CC59600539623 /* PBXContainerItemProxy */;
		};
/* End PBXTargetDependency section */

/* Begin PBXVariantGroup section */
		A9D13F4D202CC59600539623 /* Main.storyboard */ = {
			isa = PBXVariantGroup;
			children = (
				A9D13F4E202CC59600539623 /* Base */,
			);
			name = Main.storyboard;
			sourceTree = "<group>";
		};
		A9D13F52202CC59600539623 /* LaunchScreen.storyboard */ = {
			isa = PBXVariantGroup;
			children = (
				A9D13F53202CC59600539623 /* Base */,
			);
			name = LaunchScreen.storyboard;
			sourceTree = "<group>";
		};
/* End PBXVariantGroup section */

/* Begin XCBuildConfiguration section */
		A9D13F61202CC59600539623 /* Debug */ = {
			isa = XCBuildConfiguration;
			buildSettings = {
				ALWAYS_SEARCH_USER_PATHS = NO;
				CLANG_ANALYZER_NONNULL = YES;
				CLANG_ANALYZER_NUMBER_OBJECT_CONVERSION = YES_AGGRESSIVE;
				CLANG_CXX_LANGUAGE_STANDARD = "gnu++14";
				CLANG_CXX_LIBRARY = "libc++";
				CLANG_ENABLE_MODULES = YES;
				CLANG_ENABLE_OBJC_ARC = YES;
				CLANG_WARN_BLOCK_CAPTURE_AUTORELEASING = YES;
				CLANG_WARN_BOOL_CONVERSION = YES;
				CLANG_WARN_COMMA = YES;
				CLANG_WARN_CONSTANT_CONVERSION = YES;
				CLANG_WARN_DIRECT_OBJC_ISA_USAGE = YES_ERROR;
				CLANG_WARN_DOCUMENTATION_COMMENTS = YES;
				CLANG_WARN_EMPTY_BODY = YES;
				CLANG_WARN_ENUM_CONVERSION = YES;
				CLANG_WARN_INFINITE_RECURSION = YES;
				CLANG_WARN_INT_CONVERSION = YES;
				CLANG_WARN_NON_LITERAL_NULL_CONVERSION = YES;
				CLANG_WARN_OBJC_LITERAL_CONVERSION = YES;
				CLANG_WARN_OBJC_ROOT_CLASS = YES_ERROR;
				CLANG_WARN_RANGE_LOOP_ANALYSIS = YES;
				CLANG_WARN_STRICT_PROTOTYPES = YES;
				CLANG_WARN_SUSPICIOUS_MOVE = YES;
				CLANG_WARN_UNGUARDED_AVAILABILITY = YES_AGGRESSIVE;
				CLANG_WARN_UNREACHABLE_CODE = YES;
				CLANG_WARN__DUPLICATE_METHOD_MATCH = YES;
				CODE_SIGN_IDENTITY = "iPhone Developer";
				COPY_PHASE_STRIP = NO;
				DEBUG_INFORMATION_FORMAT = dwarf;
				ENABLE_STRICT_OBJC_MSGSEND = YES;
				ENABLE_TESTABILITY = YES;
				GCC_C_LANGUAGE_STANDARD = gnu11;
				GCC_DYNAMIC_NO_PIC = NO;
				GCC_NO_COMMON_BLOCKS = YES;
				GCC_OPTIMIZATION_LEVEL = 0;
				GCC_PREPROCESSOR_DEFINITIONS = (
					"DEBUG=1",
					"$(inherited)",
				);
				GCC_WARN_64_TO_32_BIT_CONVERSION = YES;
				GCC_WARN_ABOUT_RETURN_TYPE = YES_ERROR;
				GCC_WARN_UNDECLARED_SELECTOR = YES;
				GCC_WARN_UNINITIALIZED_AUTOS = YES_AGGRESSIVE;
				GCC_WARN_UNUSED_FUNCTION = YES;
				GCC_WARN_UNUSED_VARIABLE = YES;
				IPHONEOS_DEPLOYMENT_TARGET = 11.1;
				MTL_ENABLE_DEBUG_INFO = YES;
				ONLY_ACTIVE_ARCH = YES;
				SDKROOT = iphoneos;
				SWIFT_ACTIVE_COMPILATION_CONDITIONS = DEBUG;
				SWIFT_OPTIMIZATION_LEVEL = "-Onone";
			};
			name = Debug;
		};
		A9D13F62202CC59600539623 /* Release */ = {
			isa = XCBuildConfiguration;
			buildSettings = {
				ALWAYS_SEARCH_USER_PATHS = NO;
				CLANG_ANALYZER_NONNULL = YES;
				CLANG_ANALYZER_NUMBER_OBJECT_CONVERSION = YES_AGGRESSIVE;
				CLANG_CXX_LANGUAGE_STANDARD = "gnu++14";
				CLANG_CXX_LIBRARY = "libc++";
				CLANG_ENABLE_MODULES = YES;
				CLANG_ENABLE_OBJC_ARC = YES;
				CLANG_WARN_BLOCK_CAPTURE_AUTORELEASING = YES;
				CLANG_WARN_BOOL_CONVERSION = YES;
				CLANG_WARN_COMMA = YES;
				CLANG_WARN_CONSTANT_CONVERSION = YES;
				CLANG_WARN_DIRECT_OBJC_ISA_USAGE = YES_ERROR;
				CLANG_WARN_DOCUMENTATION_COMMENTS = YES;
				CLANG_WARN_EMPTY_BODY = YES;
				CLANG_WARN_ENUM_CONVERSION = YES;
				CLANG_WARN_INFINITE_RECURSION = YES;
				CLANG_WARN_INT_CONVERSION = YES;
				CLANG_WARN_NON_LITERAL_NULL_CONVERSION = YES;
				CLANG_WARN_OBJC_LITERAL_CONVERSION = YES;
				CLANG_WARN_OBJC_ROOT_CLASS = YES_ERROR;
				CLANG_WARN_RANGE_LOOP_ANALYSIS = YES;
				CLANG_WARN_STRICT_PROTOTYPES = YES;
				CLANG_WARN_SUSPICIOUS_MOVE = YES;
				CLANG_WARN_UNGUARDED_AVAILABILITY = YES_AGGRESSIVE;
				CLANG_WARN_UNREACHABLE_CODE = YES;
				CLANG_WARN__DUPLICATE_METHOD_MATCH = YES;
				CODE_SIGN_IDENTITY = "iPhone Developer";
				COPY_PHASE_STRIP = NO;
				DEBUG_INFORMATION_FORMAT = "dwarf-with-dsym";
				ENABLE_NS_ASSERTIONS = NO;
				ENABLE_STRICT_OBJC_MSGSEND = YES;
				GCC_C_LANGUAGE_STANDARD = gnu11;
				GCC_NO_COMMON_BLOCKS = YES;
				GCC_WARN_64_TO_32_BIT_CONVERSION = YES;
				GCC_WARN_ABOUT_RETURN_TYPE = YES_ERROR;
				GCC_WARN_UNDECLARED_SELECTOR = YES;
				GCC_WARN_UNINITIALIZED_AUTOS = YES_AGGRESSIVE;
				GCC_WARN_UNUSED_FUNCTION = YES;
				GCC_WARN_UNUSED_VARIABLE = YES;
				IPHONEOS_DEPLOYMENT_TARGET = 11.1;
				MTL_ENABLE_DEBUG_INFO = NO;
				SDKROOT = iphoneos;
				SWIFT_OPTIMIZATION_LEVEL = "-Owholemodule";
				VALIDATE_PRODUCT = YES;
			};
			name = Release;
		};
		A9D13F64202CC59600539623 /* Debug */ = {
			isa = XCBuildConfiguration;
			buildSettings = {
				ASSETCATALOG_COMPILER_APPICON_NAME = AppIcon;
				CODE_SIGN_STYLE = Automatic;
				DEVELOPMENT_TEAM = 96PJ8W6VJW;
				INFOPLIST_FILE = "CC Runner/Info.plist";
				LD_RUNPATH_SEARCH_PATHS = "$(inherited) @executable_path/Frameworks";
				PRODUCT_BUNDLE_IDENTIFIER = "com.dminn.CC-Runner";
				PRODUCT_NAME = "$(TARGET_NAME)";
				SWIFT_VERSION = 4.0;
				TARGETED_DEVICE_FAMILY = "1,2";
			};
			name = Debug;
		};
		A9D13F65202CC59600539623 /* Release */ = {
			isa = XCBuildConfiguration;
			buildSettings = {
				ASSETCATALOG_COMPILER_APPICON_NAME = AppIcon;
				CODE_SIGN_STYLE = Automatic;
				DEVELOPMENT_TEAM = 96PJ8W6VJW;
				INFOPLIST_FILE = "CC Runner/Info.plist";
				LD_RUNPATH_SEARCH_PATHS = "$(inherited) @executable_path/Frameworks";
				PRODUCT_BUNDLE_IDENTIFIER = "com.dminn.CC-Runner";
				PRODUCT_NAME = "$(TARGET_NAME)";
				SWIFT_VERSION = 4.0;
				TARGETED_DEVICE_FAMILY = "1,2";
			};
			name = Release;
		};
		A9D13F67202CC59600539623 /* Debug */ = {
			isa = XCBuildConfiguration;
			buildSettings = {
				ALWAYS_EMBED_SWIFT_STANDARD_LIBRARIES = YES;
				CODE_SIGN_STYLE = Automatic;
				DEVELOPMENT_TEAM = 96PJ8W6VJW;
				INFOPLIST_FILE = "CC RunnerUITests/Info.plist";
				LD_RUNPATH_SEARCH_PATHS = "$(inherited) @executable_path/Frameworks @loader_path/Frameworks";
				PRODUCT_BUNDLE_IDENTIFIER = "com.dminn.CC-RunnerUITests";
				PRODUCT_NAME = "$(TARGET_NAME)";
				SWIFT_VERSION = 4.0;
				TARGETED_DEVICE_FAMILY = "1,2";
				TEST_TARGET_NAME = "CC Runner";
			};
			name = Debug;
		};
		A9D13F68202CC59600539623 /* Release */ = {
			isa = XCBuildConfiguration;
			buildSettings = {
				ALWAYS_EMBED_SWIFT_STANDARD_LIBRARIES = YES;
				CODE_SIGN_STYLE = Automatic;
				DEVELOPMENT_TEAM = 96PJ8W6VJW;
				INFOPLIST_FILE = "CC RunnerUITests/Info.plist";
				LD_RUNPATH_SEARCH_PATHS = "$(inherited) @executable_path/Frameworks @loader_path/Frameworks";
				PRODUCT_BUNDLE_IDENTIFIER = "com.dminn.CC-RunnerUITests";
				PRODUCT_NAME = "$(TARGET_NAME)";
				SWIFT_VERSION = 4.0;
				TARGETED_DEVICE_FAMILY = "1,2";
				TEST_TARGET_NAME = "CC Runner";
			};
			name = Release;
		};
/* End XCBuildConfiguration section */

/* Begin XCConfigurationList section */
		A9D13F41202CC59600539623 /* Build configuration list for PBXProject "CC Runner" */ = {
			isa = XCConfigurationList;
			buildConfigurations = (
				A9D13F61202CC59600539623 /* Debug */,
				A9D13F62202CC59600539623 /* Release */,
			);
			defaultConfigurationIsVisible = 0;
			defaultConfigurationName = Release;
		};
		A9D13F63202CC59600539623 /* Build configuration list for PBXNativeTarget "CC Runner" */ = {
			isa = XCConfigurationList;
			buildConfigurations = (
				A9D13F64202CC59600539623 /* Debug */,
				A9D13F65202CC59600539623 /* Release */,
			);
			defaultConfigurationIsVisible = 0;
			defaultConfigurationName = Release;
		};
		A9D13F66202CC59600539623 /* Build configuration list for PBXNativeTarget "CC RunnerUITests" */ = {
			isa = XCConfigurationList;
			buildConfigurations = (
				A9D13F67202CC59600539623 /* Debug */,
				A9D13F68202CC59600539623 /* Release */,
			);
			defaultConfigurationIsVisible = 0;
			defaultConfigurationName = Release;
		};
/* End XCConfigurationList section */
	};
	rootObject = A9D13F3E202CC59600539623 /* Project object */;
}
